
Microsoft Visual Studio Solution File, Format Version 12.00
# Visual Studio Version 16
VisualStudioVersion = 16.0.30517.126
MinimumVisualStudioVersion = 10.0.40219.1
Project("{FAE04EC0-301F-11D3-BF4B-00C04F79EFBC}") = "NyLabb2", "NyLabb2\NyLabb2.csproj", "{6099A0A3-CD07-462E-8021-6504F3912A09}"
EndProject
Project("{FAE04EC0-301F-11D3-BF4B-00C04F79EFBC}") = "ShapeLibrary", "ShapeLibrary\ShapeLibrary.csproj", "{267687D7-36D9-40D8-A88F-B2B4A043B67C}"
EndProject
Global
	GlobalSection(SolutionConfigurationPlatforms) = preSolution
		Debug|Any CPU = Debug|Any CPU
		Release|Any CPU = Release|Any CPU
	EndGlobalSection
	GlobalSection(ProjectConfigurationPlatforms) = postSolution
		{6099A0A3-CD07-462E-8021-6504F3912A09}.Debug|Any CPU.ActiveCfg = Debug|Any CPU
		{6099A0A3-CD07-462E-8021-6504F3912A09}.Debug|Any CPU.Build.0 = Debug|Any CPU
		{6099A0A3-CD07-462E-8021-6504F3912A09}.Release|Any CPU.ActiveCfg = Release|Any CPU
		{6099A0A3-CD07-462E-8021-6504F3912A09}.Release|Any CPU.Build.0 = Release|Any CPU
		{267687D7-36D9-40D8-A88F-B2B4A043B67C}.Debug|Any CPU.ActiveCfg = Debug|Any CPU
		{267687D7-36D9-40D8-A88F-B2B4A043B67C}.Debug|Any CPU.Build.0 = Debug|Any CPU
		{267687D7-36D9-40D8-A88F-B2B4A043B67C}.Release|Any CPU.ActiveCfg = Release|Any CPU
		{267687D7-36D9-40D8-A88F-B2B4A043B67C}.Release|Any CPU.Build.0 = Release|Any CPU
	EndGlobalSection
	GlobalSection(SolutionProperties) = preSolution
		HideSolutionNode = FALSE
	EndGlobalSection
	GlobalSection(ExtensibilityGlobals) = postSolution
		SolutionGuid = {4C1FDCFA-E8A2-412B-8E57-E0FEADD92A44}
	EndGlobalSection
EndGlobal
